
Microsoft Visual Studio Solution File, Format Version 12.00
# Visual Studio 2012
Project("{FAE04EC0-301F-11D3-BF4B-00C04F79EFBC}") = "ASPNETIntro", "ASPNETIntro\ASPNETIntro.csproj", "{546ED917-4710-4719-8D5C-5BE036421BEB}"
EndProject
Global
	GlobalSection(SolutionConfigurationPlatforms) = preSolution
		Debug|Any CPU = Debug|Any CPU
		Release|Any CPU = Release|Any CPU
	EndGlobalSection
	GlobalSection(ProjectConfigurationPlatforms) = postSolution
		{546ED917-4710-4719-8D5C-5BE036421BEB}.Debug|Any CPU.ActiveCfg = Debug|Any CPU
		{546ED917-4710-4719-8D5C-5BE036421BEB}.Debug|Any CPU.Build.0 = Debug|Any CPU
		{546ED917-4710-4719-8D5C-5BE036421BEB}.Release|Any CPU.ActiveCfg = Release|Any CPU
		{546ED917-4710-4719-8D5C-5BE036421BEB}.Release|Any CPU.Build.0 = Release|Any CPU
	EndGlobalSection
	GlobalSection(SolutionProperties) = preSolution
		HideSolutionNode = FALSE
	EndGlobalSection
EndGlobal
