
Microsoft Visual Studio Solution File, Format Version 12.00
# Visual Studio 2012
Project("{FAE04EC0-301F-11D3-BF4B-00C04F79EFBC}") = "FirstWCFApp.Client", "FirstWCFApp.Client\FirstWCFApp.Client.csproj", "{5A1D683B-4A26-4D72-AC15-A2C562135158}"
EndProject
Project("{FAE04EC0-301F-11D3-BF4B-00C04F79EFBC}") = "FirstWCFApp.WsdlClient", "FirstWCFApp.WsdlClient\FirstWCFApp.WsdlClient.csproj", "{8FA478DE-EA51-4489-8A5D-ED082CB173A1}"
EndProject
Global
	GlobalSection(SolutionConfigurationPlatforms) = preSolution
		Debug|Any CPU = Debug|Any CPU
		Release|Any CPU = Release|Any CPU
	EndGlobalSection
	GlobalSection(ProjectConfigurationPlatforms) = postSolution
		{5A1D683B-4A26-4D72-AC15-A2C562135158}.Debug|Any CPU.ActiveCfg = Debug|Any CPU
		{5A1D683B-4A26-4D72-AC15-A2C562135158}.Debug|Any CPU.Build.0 = Debug|Any CPU
		{5A1D683B-4A26-4D72-AC15-A2C562135158}.Release|Any CPU.ActiveCfg = Release|Any CPU
		{5A1D683B-4A26-4D72-AC15-A2C562135158}.Release|Any CPU.Build.0 = Release|Any CPU
		{8FA478DE-EA51-4489-8A5D-ED082CB173A1}.Debug|Any CPU.ActiveCfg = Debug|Any CPU
		{8FA478DE-EA51-4489-8A5D-ED082CB173A1}.Debug|Any CPU.Build.0 = Debug|Any CPU
		{8FA478DE-EA51-4489-8A5D-ED082CB173A1}.Release|Any CPU.ActiveCfg = Release|Any CPU
		{8FA478DE-EA51-4489-8A5D-ED082CB173A1}.Release|Any CPU.Build.0 = Release|Any CPU
	EndGlobalSection
	GlobalSection(SolutionProperties) = preSolution
		HideSolutionNode = FALSE
	EndGlobalSection
EndGlobal
