
Microsoft Visual Studio Solution File, Format Version 12.00
# Visual Studio 2012
Project("{FAE04EC0-301F-11D3-BF4B-00C04F79EFBC}") = "FirstWCFApp.Contracts", "FirstWCFApp.Contracts\FirstWCFApp.Contracts.csproj", "{6C298D0F-B4CA-4F43-8B04-51281AFFD13E}"
EndProject
Project("{FAE04EC0-301F-11D3-BF4B-00C04F79EFBC}") = "FirstWCFApp.Implementations", "FirstWCFApp.Implementations\FirstWCFApp.Implementations.csproj", "{8C7DA305-F9B5-426C-89BC-019FEE4596D9}"
EndProject
Project("{FAE04EC0-301F-11D3-BF4B-00C04F79EFBC}") = "FirstWCFApp.Host", "FirstWCFApp.Host\FirstWCFApp.Host.csproj", "{6195AEA1-D7F2-405C-8F71-BEC69AEDCC2D}"
EndProject
Global
	GlobalSection(SolutionConfigurationPlatforms) = preSolution
		Debug|Any CPU = Debug|Any CPU
		Release|Any CPU = Release|Any CPU
	EndGlobalSection
	GlobalSection(ProjectConfigurationPlatforms) = postSolution
		{6C298D0F-B4CA-4F43-8B04-51281AFFD13E}.Debug|Any CPU.ActiveCfg = Debug|Any CPU
		{6C298D0F-B4CA-4F43-8B04-51281AFFD13E}.Debug|Any CPU.Build.0 = Debug|Any CPU
		{6C298D0F-B4CA-4F43-8B04-51281AFFD13E}.Release|Any CPU.ActiveCfg = Release|Any CPU
		{6C298D0F-B4CA-4F43-8B04-51281AFFD13E}.Release|Any CPU.Build.0 = Release|Any CPU
		{8C7DA305-F9B5-426C-89BC-019FEE4596D9}.Debug|Any CPU.ActiveCfg = Debug|Any CPU
		{8C7DA305-F9B5-426C-89BC-019FEE4596D9}.Debug|Any CPU.Build.0 = Debug|Any CPU
		{8C7DA305-F9B5-426C-89BC-019FEE4596D9}.Release|Any CPU.ActiveCfg = Release|Any CPU
		{8C7DA305-F9B5-426C-89BC-019FEE4596D9}.Release|Any CPU.Build.0 = Release|Any CPU
		{6195AEA1-D7F2-405C-8F71-BEC69AEDCC2D}.Debug|Any CPU.ActiveCfg = Debug|Any CPU
		{6195AEA1-D7F2-405C-8F71-BEC69AEDCC2D}.Debug|Any CPU.Build.0 = Debug|Any CPU
		{6195AEA1-D7F2-405C-8F71-BEC69AEDCC2D}.Release|Any CPU.ActiveCfg = Release|Any CPU
		{6195AEA1-D7F2-405C-8F71-BEC69AEDCC2D}.Release|Any CPU.Build.0 = Release|Any CPU
	EndGlobalSection
	GlobalSection(SolutionProperties) = preSolution
		HideSolutionNode = FALSE
	EndGlobalSection
EndGlobal
